
Microsoft Visual Studio Solution File, Format Version 12.00
# Visual Studio Version 17
VisualStudioVersion = 17.7.34024.191
MinimumVisualStudioVersion = 10.0.40219.1
Project("{FAE04EC0-301F-11D3-BF4B-00C04F79EFBC}") = "P520233_KeirynSandi", "P520233_KeirynSandi\P520233_KeirynSandi.csproj", "{6C31BCD6-FE1A-4ED3-899A-EB87F90579A5}"
EndProject
Project("{FAE04EC0-301F-11D3-BF4B-00C04F79EFBC}") = "Logica", "Logica\Logica.csproj", "{40638A27-A1AA-4C51-B87D-CF7126E016CD}"
EndProject
Global
	GlobalSection(SolutionConfigurationPlatforms) = preSolution
		Debug|Any CPU = Debug|Any CPU
		Release|Any CPU = Release|Any CPU
	EndGlobalSection
	GlobalSection(ProjectConfigurationPlatforms) = postSolution
		{6C31BCD6-FE1A-4ED3-899A-EB87F90579A5}.Debug|Any CPU.ActiveCfg = Debug|Any CPU
		{6C31BCD6-FE1A-4ED3-899A-EB87F90579A5}.Debug|Any CPU.Build.0 = Debug|Any CPU
		{6C31BCD6-FE1A-4ED3-899A-EB87F90579A5}.Release|Any CPU.ActiveCfg = Release|Any CPU
		{6C31BCD6-FE1A-4ED3-899A-EB87F90579A5}.Release|Any CPU.Build.0 = Release|Any CPU
		{40638A27-A1AA-4C51-B87D-CF7126E016CD}.Debug|Any CPU.ActiveCfg = Debug|Any CPU
		{40638A27-A1AA-4C51-B87D-CF7126E016CD}.Debug|Any CPU.Build.0 = Debug|Any CPU
		{40638A27-A1AA-4C51-B87D-CF7126E016CD}.Release|Any CPU.ActiveCfg = Release|Any CPU
		{40638A27-A1AA-4C51-B87D-CF7126E016CD}.Release|Any CPU.Build.0 = Release|Any CPU
	EndGlobalSection
	GlobalSection(SolutionProperties) = preSolution
		HideSolutionNode = FALSE
	EndGlobalSection
	GlobalSection(ExtensibilityGlobals) = postSolution
		SolutionGuid = {5809F6DF-2138-4174-A2DE-79CD72B6439E}
	EndGlobalSection
EndGlobal
